// !$*UTF8*$!
{
	archiveVersion = 1;
	classes = {
	};
	objectVersion = 56;
	objects = {

/* Begin PBXBuildFile section */
		AE1C66412BE4BC6A0025C5E5 /* AppDelegate.swift in Sources */ = {isa = PBXBuildFile; fileRef = AE1C66402BE4BC6A0025C5E5 /* AppDelegate.swift */; };
		AE1C66432BE4BC6A0025C5E5 /* SceneDelegate.swift in Sources */ = {isa = PBXBuildFile; fileRef = AE1C66422BE4BC6A0025C5E5 /* SceneDelegate.swift */; };
		AE1C66462BE4BC6A0025C5E5 /* Base in Resources */ = {isa = PBXBuildFile; fileRef = AE1C66452BE4BC6A0025C5E5 /* Base */; };
		AE1C66492BE4BC6A0025C5E5 /* Base in Resources */ = {isa = PBXBuildFile; fileRef = AE1C66482BE4BC6A0025C5E5 /* Base */; };
		AE1C66522BE4BC6A0025C5E5 /* AppDelegate.swift in Sources */ = {isa = PBXBuildFile; fileRef = AE1C66512BE4BC6A0025C5E5 /* AppDelegate.swift */; };
		AE1C66552BE4BC6A0025C5E5 /* Base in Resources */ = {isa = PBXBuildFile; fileRef = AE1C66542BE4BC6A0025C5E5 /* Base */; };
		AE1C665C2BE4BC6A0025C5E5 /* blocker Extension.appex in Embed Foundation Extensions */ = {isa = PBXBuildFile; fileRef = AE1C665B2BE4BC6A0025C5E5 /* blocker Extension.appex */; settings = {ATTRIBUTES = (RemoveHeadersOnCopy, ); }; };
		AE1C66662BE4BC6A0025C5E5 /* blocker Extension.appex in Embed Foundation Extensions */ = {isa = PBXBuildFile; fileRef = AE1C66652BE4BC6A0025C5E5 /* blocker Extension.appex */; settings = {ATTRIBUTES = (RemoveHeadersOnCopy, ); }; };
		AE1C666C2BE4BC6A0025C5E5 /* Base in Resources */ = {isa = PBXBuildFile; fileRef = AE1C66282BE4BC690025C5E5 /* Base */; };
		AE1C666D2BE4BC6A0025C5E5 /* Base in Resources */ = {isa = PBXBuildFile; fileRef = AE1C66282BE4BC690025C5E5 /* Base */; };
		AE1C666E2BE4BC6A0025C5E5 /* Icon.png in Resources */ = {isa = PBXBuildFile; fileRef = AE1C66292BE4BC690025C5E5 /* Icon.png */; };
		AE1C666F2BE4BC6A0025C5E5 /* Icon.png in Resources */ = {isa = PBXBuildFile; fileRef = AE1C66292BE4BC690025C5E5 /* Icon.png */; };
		AE1C66702BE4BC6A0025C5E5 /* Style.css in Resources */ = {isa = PBXBuildFile; fileRef = AE1C662A2BE4BC690025C5E5 /* Style.css */; };
		AE1C66712BE4BC6A0025C5E5 /* Style.css in Resources */ = {isa = PBXBuildFile; fileRef = AE1C662A2BE4BC690025C5E5 /* Style.css */; };
		AE1C66722BE4BC6A0025C5E5 /* Script.js in Resources */ = {isa = PBXBuildFile; fileRef = AE1C662B2BE4BC690025C5E5 /* Script.js */; };
		AE1C66732BE4BC6A0025C5E5 /* Script.js in Resources */ = {isa = PBXBuildFile; fileRef = AE1C662B2BE4BC690025C5E5 /* Script.js */; };
		AE1C66742BE4BC6A0025C5E5 /* ViewController.swift in Sources */ = {isa = PBXBuildFile; fileRef = AE1C662C2BE4BC690025C5E5 /* ViewController.swift */; };
		AE1C66752BE4BC6A0025C5E5 /* ViewController.swift in Sources */ = {isa = PBXBuildFile; fileRef = AE1C662C2BE4BC690025C5E5 /* ViewController.swift */; };
		AE1C66762BE4BC6A0025C5E5 /* Assets.xcassets in Resources */ = {isa = PBXBuildFile; fileRef = AE1C662D2BE4BC6A0025C5E5 /* Assets.xcassets */; };
		AE1C66772BE4BC6A0025C5E5 /* Assets.xcassets in Resources */ = {isa = PBXBuildFile; fileRef = AE1C662D2BE4BC6A0025C5E5 /* Assets.xcassets */; };
		AE1C66782BE4BC6A0025C5E5 /* SafariWebExtensionHandler.swift in Sources */ = {isa = PBXBuildFile; fileRef = AE1C662F2BE4BC6A0025C5E5 /* SafariWebExtensionHandler.swift */; };
		AE1C66792BE4BC6A0025C5E5 /* SafariWebExtensionHandler.swift in Sources */ = {isa = PBXBuildFile; fileRef = AE1C662F2BE4BC6A0025C5E5 /* SafariWebExtensionHandler.swift */; };
		AE1C667A2BE4BC6A0025C5E5 /* _locales in Resources */ = {isa = PBXBuildFile; fileRef = AE1C66312BE4BC6A0025C5E5 /* _locales */; };
		AE1C667B2BE4BC6A0025C5E5 /* _locales in Resources */ = {isa = PBXBuildFile; fileRef = AE1C66312BE4BC6A0025C5E5 /* _locales */; };
		AE1C667C2BE4BC6A0025C5E5 /* images in Resources */ = {isa = PBXBuildFile; fileRef = AE1C66322BE4BC6A0025C5E5 /* images */; };
		AE1C667D2BE4BC6A0025C5E5 /* images in Resources */ = {isa = PBXBuildFile; fileRef = AE1C66322BE4BC6A0025C5E5 /* images */; };
		AE1C667E2BE4BC6A0025C5E5 /* manifest.json in Resources */ = {isa = PBXBuildFile; fileRef = AE1C66332BE4BC6A0025C5E5 /* manifest.json */; };
		AE1C667F2BE4BC6A0025C5E5 /* manifest.json in Resources */ = {isa = PBXBuildFile; fileRef = AE1C66332BE4BC6A0025C5E5 /* manifest.json */; };
		AE1C66802BE4BC6A0025C5E5 /* background.js in Resources */ = {isa = PBXBuildFile; fileRef = AE1C66342BE4BC6A0025C5E5 /* background.js */; };
		AE1C66812BE4BC6A0025C5E5 /* background.js in Resources */ = {isa = PBXBuildFile; fileRef = AE1C66342BE4BC6A0025C5E5 /* background.js */; };
		AE1C66842BE4BC6A0025C5E5 /* popup.html in Resources */ = {isa = PBXBuildFile; fileRef = AE1C66362BE4BC6A0025C5E5 /* popup.html */; };
		AE1C66852BE4BC6A0025C5E5 /* popup.html in Resources */ = {isa = PBXBuildFile; fileRef = AE1C66362BE4BC6A0025C5E5 /* popup.html */; };
		AE1C66862BE4BC6A0025C5E5 /* popup.css in Resources */ = {isa = PBXBuildFile; fileRef = AE1C66372BE4BC6A0025C5E5 /* popup.css */; };
		AE1C66872BE4BC6A0025C5E5 /* popup.css in Resources */ = {isa = PBXBuildFile; fileRef = AE1C66372BE4BC6A0025C5E5 /* popup.css */; };
		AE1C66882BE4BC6A0025C5E5 /* popup.js in Resources */ = {isa = PBXBuildFile; fileRef = AE1C66382BE4BC6A0025C5E5 /* popup.js */; };
		AE1C66892BE4BC6A0025C5E5 /* popup.js in Resources */ = {isa = PBXBuildFile; fileRef = AE1C66382BE4BC6A0025C5E5 /* popup.js */; };
		AE1C669B2BE4EB050025C5E5 /* youtube.js in Resources */ = {isa = PBXBuildFile; fileRef = AE1C669A2BE4EB050025C5E5 /* youtube.js */; };
		AE1C669C2BE4EB050025C5E5 /* youtube.js in Resources */ = {isa = PBXBuildFile; fileRef = AE1C669A2BE4EB050025C5E5 /* youtube.js */; };
		AE1C669E2BE4ECD70025C5E5 /* facebook.js in Resources */ = {isa = PBXBuildFile; fileRef = AE1C669D2BE4ECD70025C5E5 /* facebook.js */; };
		AE1C669F2BE4ECD70025C5E5 /* facebook.js in Resources */ = {isa = PBXBuildFile; fileRef = AE1C669D2BE4ECD70025C5E5 /* facebook.js */; };
/* End PBXBuildFile section */

/* Begin PBXContainerItemProxy section */
		AE1C665D2BE4BC6A0025C5E5 /* PBXContainerItemProxy */ = {
			isa = PBXContainerItemProxy;
			containerPortal = AE1C66212BE4BC690025C5E5 /* Project object */;
			proxyType = 1;
			remoteGlobalIDString = AE1C665A2BE4BC6A0025C5E5;
			remoteInfo = "blocker Extension (iOS)";
		};
		AE1C66672BE4BC6A0025C5E5 /* PBXContainerItemProxy */ = {
			isa = PBXContainerItemProxy;
			containerPortal = AE1C66212BE4BC690025C5E5 /* Project object */;
			proxyType = 1;
			remoteGlobalIDString = AE1C66642BE4BC6A0025C5E5;
			remoteInfo = "blocker Extension (macOS)";
		};
/* End PBXContainerItemProxy section */

/* Begin PBXCopyFilesBuildPhase section */
		AE1C668F2BE4BC6A0025C5E5 /* Embed Foundation Extensions */ = {
			isa = PBXCopyFilesBuildPhase;
			buildActionMask = 2147483647;
			dstPath = "";
			dstSubfolderSpec = 13;
			files = (
				AE1C665C2BE4BC6A0025C5E5 /* blocker Extension.appex in Embed Foundation Extensions */,
			);
			name = "Embed Foundation Extensions";
			runOnlyForDeploymentPostprocessing = 0;
		};
		AE1C66962BE4BC6A0025C5E5 /* Embed Foundation Extensions */ = {
			isa = PBXCopyFilesBuildPhase;
			buildActionMask = 2147483647;
			dstPath = "";
			dstSubfolderSpec = 13;
			files = (
				AE1C66662BE4BC6A0025C5E5 /* blocker Extension.appex in Embed Foundation Extensions */,
			);
			name = "Embed Foundation Extensions";
			runOnlyForDeploymentPostprocessing = 0;
		};
/* End PBXCopyFilesBuildPhase section */

/* Begin PBXFileReference section */
		AE1C66282BE4BC690025C5E5 /* Base */ = {isa = PBXFileReference; lastKnownFileType = text.html; name = Base; path = ../Base.lproj/Main.html; sourceTree = "<group>"; };
		AE1C66292BE4BC690025C5E5 /* Icon.png */ = {isa = PBXFileReference; lastKnownFileType = image.png; path = Icon.png; sourceTree = "<group>"; };
		AE1C662A2BE4BC690025C5E5 /* Style.css */ = {isa = PBXFileReference; lastKnownFileType = text.css; path = Style.css; sourceTree = "<group>"; };
		AE1C662B2BE4BC690025C5E5 /* Script.js */ = {isa = PBXFileReference; lastKnownFileType = sourcecode.javascript; path = Script.js; sourceTree = "<group>"; };
		AE1C662C2BE4BC690025C5E5 /* ViewController.swift */ = {isa = PBXFileReference; lastKnownFileType = sourcecode.swift; path = ViewController.swift; sourceTree = "<group>"; };
		AE1C662D2BE4BC6A0025C5E5 /* Assets.xcassets */ = {isa = PBXFileReference; lastKnownFileType = folder.assetcatalog; path = Assets.xcassets; sourceTree = "<group>"; };
		AE1C662F2BE4BC6A0025C5E5 /* SafariWebExtensionHandler.swift */ = {isa = PBXFileReference; lastKnownFileType = sourcecode.swift; path = SafariWebExtensionHandler.swift; sourceTree = "<group>"; };
		AE1C66312BE4BC6A0025C5E5 /* _locales */ = {isa = PBXFileReference; lastKnownFileType = folder; path = _locales; sourceTree = "<group>"; };
		AE1C66322BE4BC6A0025C5E5 /* images */ = {isa = PBXFileReference; lastKnownFileType = folder; path = images; sourceTree = "<group>"; };
		AE1C66332BE4BC6A0025C5E5 /* manifest.json */ = {isa = PBXFileReference; lastKnownFileType = text.json; path = manifest.json; sourceTree = "<group>"; };
		AE1C66342BE4BC6A0025C5E5 /* background.js */ = {isa = PBXFileReference; lastKnownFileType = sourcecode.javascript; path = background.js; sourceTree = "<group>"; };
		AE1C66362BE4BC6A0025C5E5 /* popup.html */ = {isa = PBXFileReference; lastKnownFileType = text.html; path = popup.html; sourceTree = "<group>"; };
		AE1C66372BE4BC6A0025C5E5 /* popup.css */ = {isa = PBXFileReference; lastKnownFileType = text.css; path = popup.css; sourceTree = "<group>"; };
		AE1C66382BE4BC6A0025C5E5 /* popup.js */ = {isa = PBXFileReference; lastKnownFileType = sourcecode.javascript; path = popup.js; sourceTree = "<group>"; };
		AE1C663D2BE4BC6A0025C5E5 /* blocker.app */ = {isa = PBXFileReference; explicitFileType = wrapper.application; includeInIndex = 0; path = blocker.app; sourceTree = BUILT_PRODUCTS_DIR; };
		AE1C66402BE4BC6A0025C5E5 /* AppDelegate.swift */ = {isa = PBXFileReference; lastKnownFileType = sourcecode.swift; path = AppDelegate.swift; sourceTree = "<group>"; };
		AE1C66422BE4BC6A0025C5E5 /* SceneDelegate.swift */ = {isa = PBXFileReference; lastKnownFileType = sourcecode.swift; path = SceneDelegate.swift; sourceTree = "<group>"; };
		AE1C66452BE4BC6A0025C5E5 /* Base */ = {isa = PBXFileReference; lastKnownFileType = file.storyboard; name = Base; path = Base.lproj/LaunchScreen.storyboard; sourceTree = "<group>"; };
		AE1C66482BE4BC6A0025C5E5 /* Base */ = {isa = PBXFileReference; lastKnownFileType = file.storyboard; name = Base; path = Base.lproj/Main.storyboard; sourceTree = "<group>"; };
		AE1C664A2BE4BC6A0025C5E5 /* Info.plist */ = {isa = PBXFileReference; lastKnownFileType = text.plist.xml; path = Info.plist; sourceTree = "<group>"; };
		AE1C664F2BE4BC6A0025C5E5 /* blocker.app */ = {isa = PBXFileReference; explicitFileType = wrapper.application; includeInIndex = 0; path = blocker.app; sourceTree = BUILT_PRODUCTS_DIR; };
		AE1C66512BE4BC6A0025C5E5 /* AppDelegate.swift */ = {isa = PBXFileReference; lastKnownFileType = sourcecode.swift; path = AppDelegate.swift; sourceTree = "<group>"; };
		AE1C66542BE4BC6A0025C5E5 /* Base */ = {isa = PBXFileReference; lastKnownFileType = file.storyboard; name = Base; path = Base.lproj/Main.storyboard; sourceTree = "<group>"; };
		AE1C66562BE4BC6A0025C5E5 /* blocker.entitlements */ = {isa = PBXFileReference; lastKnownFileType = text.plist.entitlements; path = blocker.entitlements; sourceTree = "<group>"; };
		AE1C665B2BE4BC6A0025C5E5 /* blocker Extension.appex */ = {isa = PBXFileReference; explicitFileType = "wrapper.app-extension"; includeInIndex = 0; path = "blocker Extension.appex"; sourceTree = BUILT_PRODUCTS_DIR; };
		AE1C66602BE4BC6A0025C5E5 /* Info.plist */ = {isa = PBXFileReference; lastKnownFileType = text.plist.xml; path = Info.plist; sourceTree = "<group>"; };
		AE1C66652BE4BC6A0025C5E5 /* blocker Extension.appex */ = {isa = PBXFileReference; explicitFileType = "wrapper.app-extension"; includeInIndex = 0; path = "blocker Extension.appex"; sourceTree = BUILT_PRODUCTS_DIR; };
		AE1C666A2BE4BC6A0025C5E5 /* Info.plist */ = {isa = PBXFileReference; lastKnownFileType = text.plist.xml; path = Info.plist; sourceTree = "<group>"; };
		AE1C666B2BE4BC6A0025C5E5 /* blocker.entitlements */ = {isa = PBXFileReference; lastKnownFileType = text.plist.entitlements; path = blocker.entitlements; sourceTree = "<group>"; };
		AE1C669A2BE4EB050025C5E5 /* youtube.js */ = {isa = PBXFileReference; fileEncoding = 4; lastKnownFileType = sourcecode.javascript; path = youtube.js; sourceTree = "<group>"; };
		AE1C669D2BE4ECD70025C5E5 /* facebook.js */ = {isa = PBXFileReference; fileEncoding = 4; lastKnownFileType = sourcecode.javascript; path = facebook.js; sourceTree = "<group>"; };
/* End PBXFileReference section */

/* Begin PBXFrameworksBuildPhase section */
		AE1C663A2BE4BC6A0025C5E5 /* Frameworks */ = {
			isa = PBXFrameworksBuildPhase;
			buildActionMask = 2147483647;
			files = (
			);
			runOnlyForDeploymentPostprocessing = 0;
		};
		AE1C664C2BE4BC6A0025C5E5 /* Frameworks */ = {
			isa = PBXFrameworksBuildPhase;
			buildActionMask = 2147483647;
			files = (
			);
			runOnlyForDeploymentPostprocessing = 0;
		};
		AE1C66582BE4BC6A0025C5E5 /* Frameworks */ = {
			isa = PBXFrameworksBuildPhase;
			buildActionMask = 2147483647;
			files = (
			);
			runOnlyForDeploymentPostprocessing = 0;
		};
		AE1C66622BE4BC6A0025C5E5 /* Frameworks */ = {
			isa = PBXFrameworksBuildPhase;
			buildActionMask = 2147483647;
			files = (
			);
			runOnlyForDeploymentPostprocessing = 0;
		};
/* End PBXFrameworksBuildPhase section */

/* Begin PBXGroup section */
		AE1C66202BE4BC690025C5E5 = {
			isa = PBXGroup;
			children = (
				AE1C66252BE4BC690025C5E5 /* Shared (App) */,
				AE1C662E2BE4BC6A0025C5E5 /* Shared (Extension) */,
				AE1C663F2BE4BC6A0025C5E5 /* iOS (App) */,
				AE1C66502BE4BC6A0025C5E5 /* macOS (App) */,
				AE1C665F2BE4BC6A0025C5E5 /* iOS (Extension) */,
				AE1C66692BE4BC6A0025C5E5 /* macOS (Extension) */,
				AE1C663E2BE4BC6A0025C5E5 /* Products */,
			);
			sourceTree = "<group>";
		};
		AE1C66252BE4BC690025C5E5 /* Shared (App) */ = {
			isa = PBXGroup;
			children = (
				AE1C662C2BE4BC690025C5E5 /* ViewController.swift */,
				AE1C662D2BE4BC6A0025C5E5 /* Assets.xcassets */,
				AE1C66262BE4BC690025C5E5 /* Resources */,
			);
			path = "Shared (App)";
			sourceTree = "<group>";
		};
		AE1C66262BE4BC690025C5E5 /* Resources */ = {
			isa = PBXGroup;
			children = (
				AE1C66272BE4BC690025C5E5 /* Main.html */,
				AE1C66292BE4BC690025C5E5 /* Icon.png */,
				AE1C662A2BE4BC690025C5E5 /* Style.css */,
				AE1C662B2BE4BC690025C5E5 /* Script.js */,
			);
			path = Resources;
			sourceTree = "<group>";
		};
		AE1C662E2BE4BC6A0025C5E5 /* Shared (Extension) */ = {
			isa = PBXGroup;
			children = (
				AE1C662F2BE4BC6A0025C5E5 /* SafariWebExtensionHandler.swift */,
				AE1C66302BE4BC6A0025C5E5 /* Resources */,
			);
			path = "Shared (Extension)";
			sourceTree = "<group>";
		};
		AE1C66302BE4BC6A0025C5E5 /* Resources */ = {
			isa = PBXGroup;
			children = (
				AE1C66312BE4BC6A0025C5E5 /* _locales */,
				AE1C66322BE4BC6A0025C5E5 /* images */,
				AE1C66332BE4BC6A0025C5E5 /* manifest.json */,
				AE1C66342BE4BC6A0025C5E5 /* background.js */,
				AE1C669D2BE4ECD70025C5E5 /* facebook.js */,
				AE1C669A2BE4EB050025C5E5 /* youtube.js */,
				AE1C66362BE4BC6A0025C5E5 /* popup.html */,
				AE1C66372BE4BC6A0025C5E5 /* popup.css */,
				AE1C66382BE4BC6A0025C5E5 /* popup.js */,
			);
			path = Resources;
			sourceTree = "<group>";
		};
		AE1C663E2BE4BC6A0025C5E5 /* Products */ = {
			isa = PBXGroup;
			children = (
				AE1C663D2BE4BC6A0025C5E5 /* blocker.app */,
				AE1C664F2BE4BC6A0025C5E5 /* blocker.app */,
				AE1C665B2BE4BC6A0025C5E5 /* blocker Extension.appex */,
				AE1C66652BE4BC6A0025C5E5 /* blocker Extension.appex */,
			);
			name = Products;
			sourceTree = "<group>";
		};
		AE1C663F2BE4BC6A0025C5E5 /* iOS (App) */ = {
			isa = PBXGroup;
			children = (
				AE1C66402BE4BC6A0025C5E5 /* AppDelegate.swift */,
				AE1C66422BE4BC6A0025C5E5 /* SceneDelegate.swift */,
				AE1C66442BE4BC6A0025C5E5 /* LaunchScreen.storyboard */,
				AE1C66472BE4BC6A0025C5E5 /* Main.storyboard */,
				AE1C664A2BE4BC6A0025C5E5 /* Info.plist */,
			);
			path = "iOS (App)";
			sourceTree = "<group>";
		};
		AE1C66502BE4BC6A0025C5E5 /* macOS (App) */ = {
			isa = PBXGroup;
			children = (
				AE1C66512BE4BC6A0025C5E5 /* AppDelegate.swift */,
				AE1C66532BE4BC6A0025C5E5 /* Main.storyboard */,
				AE1C66562BE4BC6A0025C5E5 /* blocker.entitlements */,
			);
			path = "macOS (App)";
			sourceTree = "<group>";
		};
		AE1C665F2BE4BC6A0025C5E5 /* iOS (Extension) */ = {
			isa = PBXGroup;
			children = (
				AE1C66602BE4BC6A0025C5E5 /* Info.plist */,
			);
			path = "iOS (Extension)";
			sourceTree = "<group>";
		};
		AE1C66692BE4BC6A0025C5E5 /* macOS (Extension) */ = {
			isa = PBXGroup;
			children = (
				AE1C666A2BE4BC6A0025C5E5 /* Info.plist */,
				AE1C666B2BE4BC6A0025C5E5 /* blocker.entitlements */,
			);
			path = "macOS (Extension)";
			sourceTree = "<group>";
		};
/* End PBXGroup section */

/* Begin PBXNativeTarget section */
		AE1C663C2BE4BC6A0025C5E5 /* blocker (iOS) */ = {
			isa = PBXNativeTarget;
			buildConfigurationList = AE1C66902BE4BC6A0025C5E5 /* Build configuration list for PBXNativeTarget "blocker (iOS)" */;
			buildPhases = (
				AE1C66392BE4BC6A0025C5E5 /* Sources */,
				AE1C663A2BE4BC6A0025C5E5 /* Frameworks */,
				AE1C663B2BE4BC6A0025C5E5 /* Resources */,
				AE1C668F2BE4BC6A0025C5E5 /* Embed Foundation Extensions */,
			);
			buildRules = (
			);
			dependencies = (
				AE1C665E2BE4BC6A0025C5E5 /* PBXTargetDependency */,
			);
			name = "blocker (iOS)";
			productName = "blocker (iOS)";
			productReference = AE1C663D2BE4BC6A0025C5E5 /* blocker.app */;
			productType = "com.apple.product-type.application";
		};
		AE1C664E2BE4BC6A0025C5E5 /* blocker (macOS) */ = {
			isa = PBXNativeTarget;
			buildConfigurationList = AE1C66972BE4BC6A0025C5E5 /* Build configuration list for PBXNativeTarget "blocker (macOS)" */;
			buildPhases = (
				AE1C664B2BE4BC6A0025C5E5 /* Sources */,
				AE1C664C2BE4BC6A0025C5E5 /* Frameworks */,
				AE1C664D2BE4BC6A0025C5E5 /* Resources */,
				AE1C66962BE4BC6A0025C5E5 /* Embed Foundation Extensions */,
			);
			buildRules = (
			);
			dependencies = (
				AE1C66682BE4BC6A0025C5E5 /* PBXTargetDependency */,
			);
			name = "blocker (macOS)";
			productName = "blocker (macOS)";
			productReference = AE1C664F2BE4BC6A0025C5E5 /* blocker.app */;
			productType = "com.apple.product-type.application";
		};
		AE1C665A2BE4BC6A0025C5E5 /* blocker Extension (iOS) */ = {
			isa = PBXNativeTarget;
			buildConfigurationList = AE1C668C2BE4BC6A0025C5E5 /* Build configuration list for PBXNativeTarget "blocker Extension (iOS)" */;
			buildPhases = (
				AE1C66572BE4BC6A0025C5E5 /* Sources */,
				AE1C66582BE4BC6A0025C5E5 /* Frameworks */,
				AE1C66592BE4BC6A0025C5E5 /* Resources */,
			);
			buildRules = (
			);
			dependencies = (
			);
			name = "blocker Extension (iOS)";
			productName = "blocker Extension (iOS)";
			productReference = AE1C665B2BE4BC6A0025C5E5 /* blocker Extension.appex */;
			productType = "com.apple.product-type.app-extension";
		};
		AE1C66642BE4BC6A0025C5E5 /* blocker Extension (macOS) */ = {
			isa = PBXNativeTarget;
			buildConfigurationList = AE1C66932BE4BC6A0025C5E5 /* Build configuration list for PBXNativeTarget "blocker Extension (macOS)" */;
			buildPhases = (
				AE1C66612BE4BC6A0025C5E5 /* Sources */,
				AE1C66622BE4BC6A0025C5E5 /* Frameworks */,
				AE1C66632BE4BC6A0025C5E5 /* Resources */,
			);
			buildRules = (
			);
			dependencies = (
			);
			name = "blocker Extension (macOS)";
			productName = "blocker Extension (macOS)";
			productReference = AE1C66652BE4BC6A0025C5E5 /* blocker Extension.appex */;
			productType = "com.apple.product-type.app-extension";
		};
/* End PBXNativeTarget section */

/* Begin PBXProject section */
		AE1C66212BE4BC690025C5E5 /* Project object */ = {
			isa = PBXProject;
			attributes = {
				BuildIndependentTargetsInParallel = 1;
				LastSwiftUpdateCheck = 1530;
				LastUpgradeCheck = 1540;
				TargetAttributes = {
					AE1C663C2BE4BC6A0025C5E5 = {
						CreatedOnToolsVersion = 15.3;
					};
					AE1C664E2BE4BC6A0025C5E5 = {
						CreatedOnToolsVersion = 15.3;
					};
					AE1C665A2BE4BC6A0025C5E5 = {
						CreatedOnToolsVersion = 15.3;
					};
					AE1C66642BE4BC6A0025C5E5 = {
						CreatedOnToolsVersion = 15.3;
					};
				};
			};
			buildConfigurationList = AE1C66242BE4BC690025C5E5 /* Build configuration list for PBXProject "blocker" */;
			compatibilityVersion = "Xcode 14.0";
			developmentRegion = en;
			hasScannedForEncodings = 0;
			knownRegions = (
				en,
				Base,
			);
			mainGroup = AE1C66202BE4BC690025C5E5;
			productRefGroup = AE1C663E2BE4BC6A0025C5E5 /* Products */;
			projectDirPath = "";
			projectRoot = "";
			targets = (
				AE1C663C2BE4BC6A0025C5E5 /* blocker (iOS) */,
				AE1C664E2BE4BC6A0025C5E5 /* blocker (macOS) */,
				AE1C665A2BE4BC6A0025C5E5 /* blocker Extension (iOS) */,
				AE1C66642BE4BC6A0025C5E5 /* blocker Extension (macOS) */,
			);
		};
/* End PBXProject section */

/* Begin PBXResourcesBuildPhase section */
		AE1C663B2BE4BC6A0025C5E5 /* Resources */ = {
			isa = PBXResourcesBuildPhase;
			buildActionMask = 2147483647;
			files = (
				AE1C666E2BE4BC6A0025C5E5 /* Icon.png in Resources */,
				AE1C66462BE4BC6A0025C5E5 /* Base in Resources */,
				AE1C666C2BE4BC6A0025C5E5 /* Base in Resources */,
				AE1C66722BE4BC6A0025C5E5 /* Script.js in Resources */,
				AE1C66762BE4BC6A0025C5E5 /* Assets.xcassets in Resources */,
				AE1C66492BE4BC6A0025C5E5 /* Base in Resources */,
				AE1C66702BE4BC6A0025C5E5 /* Style.css in Resources */,
			);
			runOnlyForDeploymentPostprocessing = 0;
		};
		AE1C664D2BE4BC6A0025C5E5 /* Resources */ = {
			isa = PBXResourcesBuildPhase;
			buildActionMask = 2147483647;
			files = (
				AE1C666F2BE4BC6A0025C5E5 /* Icon.png in Resources */,
				AE1C66712BE4BC6A0025C5E5 /* Style.css in Resources */,
				AE1C66552BE4BC6A0025C5E5 /* Base in Resources */,
				AE1C66732BE4BC6A0025C5E5 /* Script.js in Resources */,
				AE1C66772BE4BC6A0025C5E5 /* Assets.xcassets in Resources */,
				AE1C666D2BE4BC6A0025C5E5 /* Base in Resources */,
			);
			runOnlyForDeploymentPostprocessing = 0;
		};
		AE1C66592BE4BC6A0025C5E5 /* Resources */ = {
			isa = PBXResourcesBuildPhase;
			buildActionMask = 2147483647;
			files = (
				AE1C66802BE4BC6A0025C5E5 /* background.js in Resources */,
				AE1C66862BE4BC6A0025C5E5 /* popup.css in Resources */,
				AE1C66842BE4BC6A0025C5E5 /* popup.html in Resources */,
				AE1C667C2BE4BC6A0025C5E5 /* images in Resources */,
				AE1C667E2BE4BC6A0025C5E5 /* manifest.json in Resources */,
				AE1C667A2BE4BC6A0025C5E5 /* _locales in Resources */,
				AE1C66882BE4BC6A0025C5E5 /* popup.js in Resources */,
				AE1C669E2BE4ECD70025C5E5 /* facebook.js in Resources */,
				AE1C669B2BE4EB050025C5E5 /* youtube.js in Resources */,
			);
			runOnlyForDeploymentPostprocessing = 0;
		};
		AE1C66632BE4BC6A0025C5E5 /* Resources */ = {
			isa = PBXResourcesBuildPhase;
			buildActionMask = 2147483647;
			files = (
				AE1C66812BE4BC6A0025C5E5 /* background.js in Resources */,
				AE1C66872BE4BC6A0025C5E5 /* popup.css in Resources */,
				AE1C66852BE4BC6A0025C5E5 /* popup.html in Resources */,
				AE1C667D2BE4BC6A0025C5E5 /* images in Resources */,
				AE1C667F2BE4BC6A0025C5E5 /* manifest.json in Resources */,
				AE1C667B2BE4BC6A0025C5E5 /* _locales in Resources */,
				AE1C66892BE4BC6A0025C5E5 /* popup.js in Resources */,
				AE1C669F2BE4ECD70025C5E5 /* facebook.js in Resources */,
				AE1C669C2BE4EB050025C5E5 /* youtube.js in Resources */,
			);
			runOnlyForDeploymentPostprocessing = 0;
		};
/* End PBXResourcesBuildPhase section */

/* Begin PBXSourcesBuildPhase section */
		AE1C66392BE4BC6A0025C5E5 /* Sources */ = {
			isa = PBXSourcesBuildPhase;
			buildActionMask = 2147483647;
			files = (
				AE1C66742BE4BC6A0025C5E5 /* ViewController.swift in Sources */,
				AE1C66412BE4BC6A0025C5E5 /* AppDelegate.swift in Sources */,
				AE1C66432BE4BC6A0025C5E5 /* SceneDelegate.swift in Sources */,
			);
			runOnlyForDeploymentPostprocessing = 0;
		};
		AE1C664B2BE4BC6A0025C5E5 /* Sources */ = {
			isa = PBXSourcesBuildPhase;
			buildActionMask = 2147483647;
			files = (
				AE1C66752BE4BC6A0025C5E5 /* ViewController.swift in Sources */,
				AE1C66522BE4BC6A0025C5E5 /* AppDelegate.swift in Sources */,
			);
			runOnlyForDeploymentPostprocessing = 0;
		};
		AE1C66572BE4BC6A0025C5E5 /* Sources */ = {
			isa = PBXSourcesBuildPhase;
			buildActionMask = 2147483647;
			files = (
				AE1C66782BE4BC6A0025C5E5 /* SafariWebExtensionHandler.swift in Sources */,
			);
			runOnlyForDeploymentPostprocessing = 0;
		};
		AE1C66612BE4BC6A0025C5E5 /* Sources */ = {
			isa = PBXSourcesBuildPhase;
			buildActionMask = 2147483647;
			files = (
				AE1C66792BE4BC6A0025C5E5 /* SafariWebExtensionHandler.swift in Sources */,
			);
			runOnlyForDeploymentPostprocessing = 0;
		};
/* End PBXSourcesBuildPhase section */

/* Begin PBXTargetDependency section */
		AE1C665E2BE4BC6A0025C5E5 /* PBXTargetDependency */ = {
			isa = PBXTargetDependency;
			target = AE1C665A2BE4BC6A0025C5E5 /* blocker Extension (iOS) */;
			targetProxy = AE1C665D2BE4BC6A0025C5E5 /* PBXContainerItemProxy */;
		};
		AE1C66682BE4BC6A0025C5E5 /* PBXTargetDependency */ = {
			isa = PBXTargetDependency;
			target = AE1C66642BE4BC6A0025C5E5 /* blocker Extension (macOS) */;
			targetProxy = AE1C66672BE4BC6A0025C5E5 /* PBXContainerItemProxy */;
		};
/* End PBXTargetDependency section */

/* Begin PBXVariantGroup section */
		AE1C66272BE4BC690025C5E5 /* Main.html */ = {
			isa = PBXVariantGroup;
			children = (
				AE1C66282BE4BC690025C5E5 /* Base */,
			);
			name = Main.html;
			sourceTree = "<group>";
		};
		AE1C66442BE4BC6A0025C5E5 /* LaunchScreen.storyboard */ = {
			isa = PBXVariantGroup;
			children = (
				AE1C66452BE4BC6A0025C5E5 /* Base */,
			);
			name = LaunchScreen.storyboard;
			sourceTree = "<group>";
		};
		AE1C66472BE4BC6A0025C5E5 /* Main.storyboard */ = {
			isa = PBXVariantGroup;
			children = (
				AE1C66482BE4BC6A0025C5E5 /* Base */,
			);
			name = Main.storyboard;
			sourceTree = "<group>";
		};
		AE1C66532BE4BC6A0025C5E5 /* Main.storyboard */ = {
			isa = PBXVariantGroup;
			children = (
				AE1C66542BE4BC6A0025C5E5 /* Base */,
			);
			name = Main.storyboard;
			sourceTree = "<group>";
		};
/* End PBXVariantGroup section */

/* Begin XCBuildConfiguration section */
		AE1C668A2BE4BC6A0025C5E5 /* Debug */ = {
			isa = XCBuildConfiguration;
			buildSettings = {
				ALWAYS_SEARCH_USER_PATHS = NO;
				ASSETCATALOG_COMPILER_GENERATE_SWIFT_ASSET_SYMBOL_EXTENSIONS = YES;
				CLANG_ANALYZER_NONNULL = YES;
				CLANG_ANALYZER_NUMBER_OBJECT_CONVERSION = YES_AGGRESSIVE;
				CLANG_CXX_LANGUAGE_STANDARD = "gnu++20";
				CLANG_ENABLE_MODULES = YES;
				CLANG_ENABLE_OBJC_ARC = YES;
				CLANG_ENABLE_OBJC_WEAK = YES;
				CLANG_WARN_BLOCK_CAPTURE_AUTORELEASING = YES;
				CLANG_WARN_BOOL_CONVERSION = YES;
				CLANG_WARN_COMMA = YES;
				CLANG_WARN_CONSTANT_CONVERSION = YES;
				CLANG_WARN_DEPRECATED_OBJC_IMPLEMENTATIONS = YES;
				CLANG_WARN_DIRECT_OBJC_ISA_USAGE = YES_ERROR;
				CLANG_WARN_DOCUMENTATION_COMMENTS = YES;
				CLANG_WARN_EMPTY_BODY = YES;
				CLANG_WARN_ENUM_CONVERSION = YES;
				CLANG_WARN_INFINITE_RECURSION = YES;
				CLANG_WARN_INT_CONVERSION = YES;
				CLANG_WARN_NON_LITERAL_NULL_CONVERSION = YES;
				CLANG_WARN_OBJC_IMPLICIT_RETAIN_SELF = YES;
				CLANG_WARN_OBJC_LITERAL_CONVERSION = YES;
				CLANG_WARN_OBJC_ROOT_CLASS = YES_ERROR;
				CLANG_WARN_QUOTED_INCLUDE_IN_FRAMEWORK_HEADER = YES;
				CLANG_WARN_RANGE_LOOP_ANALYSIS = YES;
				CLANG_WARN_STRICT_PROTOTYPES = YES;
				CLANG_WARN_SUSPICIOUS_MOVE = YES;
				CLANG_WARN_UNGUARDED_AVAILABILITY = YES_AGGRESSIVE;
				CLANG_WARN_UNREACHABLE_CODE = YES;
				CLANG_WARN__DUPLICATE_METHOD_MATCH = YES;
				COPY_PHASE_STRIP = NO;
				DEAD_CODE_STRIPPING = YES;
				DEBUG_INFORMATION_FORMAT = dwarf;
				DEVELOPMENT_TEAM = 8B665X94V9;
				ENABLE_STRICT_OBJC_MSGSEND = YES;
				ENABLE_TESTABILITY = YES;
				ENABLE_USER_SCRIPT_SANDBOXING = YES;
				GCC_C_LANGUAGE_STANDARD = gnu17;
				GCC_DYNAMIC_NO_PIC = NO;
				GCC_NO_COMMON_BLOCKS = YES;
				GCC_OPTIMIZATION_LEVEL = 0;
				GCC_PREPROCESSOR_DEFINITIONS = (
					"DEBUG=1",
					"$(inherited)",
				);
				GCC_WARN_64_TO_32_BIT_CONVERSION = YES;
				GCC_WARN_ABOUT_RETURN_TYPE = YES_ERROR;
				GCC_WARN_UNDECLARED_SELECTOR = YES;
				GCC_WARN_UNINITIALIZED_AUTOS = YES_AGGRESSIVE;
				GCC_WARN_UNUSED_FUNCTION = YES;
				GCC_WARN_UNUSED_VARIABLE = YES;
				LOCALIZATION_PREFERS_STRING_CATALOGS = YES;
				MTL_ENABLE_DEBUG_INFO = INCLUDE_SOURCE;
				MTL_FAST_MATH = YES;
				ONLY_ACTIVE_ARCH = YES;
				SWIFT_ACTIVE_COMPILATION_CONDITIONS = "DEBUG $(inherited)";
				SWIFT_OPTIMIZATION_LEVEL = "-Onone";
			};
			name = Debug;
		};
		AE1C668B2BE4BC6A0025C5E5 /* Release */ = {
			isa = XCBuildConfiguration;
			buildSettings = {
				ALWAYS_SEARCH_USER_PATHS = NO;
				ASSETCATALOG_COMPILER_GENERATE_SWIFT_ASSET_SYMBOL_EXTENSIONS = YES;
				CLANG_ANALYZER_NONNULL = YES;
				CLANG_ANALYZER_NUMBER_OBJECT_CONVERSION = YES_AGGRESSIVE;
				CLANG_CXX_LANGUAGE_STANDARD = "gnu++20";
				CLANG_ENABLE_MODULES = YES;
				CLANG_ENABLE_OBJC_ARC = YES;
				CLANG_ENABLE_OBJC_WEAK = YES;
				CLANG_WARN_BLOCK_CAPTURE_AUTORELEASING = YES;
				CLANG_WARN_BOOL_CONVERSION = YES;
				CLANG_WARN_COMMA = YES;
				CLANG_WARN_CONSTANT_CONVERSION = YES;
				CLANG_WARN_DEPRECATED_OBJC_IMPLEMENTATIONS = YES;
				CLANG_WARN_DIRECT_OBJC_ISA_USAGE = YES_ERROR;
				CLANG_WARN_DOCUMENTATION_COMMENTS = YES;
				CLANG_WARN_EMPTY_BODY = YES;
				CLANG_WARN_ENUM_CONVERSION = YES;
				CLANG_WARN_INFINITE_RECURSION = YES;
				CLANG_WARN_INT_CONVERSION = YES;
				CLANG_WARN_NON_LITERAL_NULL_CONVERSION = YES;
				CLANG_WARN_OBJC_IMPLICIT_RETAIN_SELF = YES;
				CLANG_WARN_OBJC_LITERAL_CONVERSION = YES;
				CLANG_WARN_OBJC_ROOT_CLASS = YES_ERROR;
				CLANG_WARN_QUOTED_INCLUDE_IN_FRAMEWORK_HEADER = YES;
				CLANG_WARN_RANGE_LOOP_ANALYSIS = YES;
				CLANG_WARN_STRICT_PROTOTYPES = YES;
				CLANG_WARN_SUSPICIOUS_MOVE = YES;
				CLANG_WARN_UNGUARDED_AVAILABILITY = YES_AGGRESSIVE;
				CLANG_WARN_UNREACHABLE_CODE = YES;
				CLANG_WARN__DUPLICATE_METHOD_MATCH = YES;
				COPY_PHASE_STRIP = NO;
				DEAD_CODE_STRIPPING = YES;
				DEBUG_INFORMATION_FORMAT = "dwarf-with-dsym";
				DEVELOPMENT_TEAM = 8B665X94V9;
				ENABLE_NS_ASSERTIONS = NO;
				ENABLE_STRICT_OBJC_MSGSEND = YES;
				ENABLE_USER_SCRIPT_SANDBOXING = YES;
				GCC_C_LANGUAGE_STANDARD = gnu17;
				GCC_NO_COMMON_BLOCKS = YES;
				GCC_WARN_64_TO_32_BIT_CONVERSION = YES;
				GCC_WARN_ABOUT_RETURN_TYPE = YES_ERROR;
				GCC_WARN_UNDECLARED_SELECTOR = YES;
				GCC_WARN_UNINITIALIZED_AUTOS = YES_AGGRESSIVE;
				GCC_WARN_UNUSED_FUNCTION = YES;
				GCC_WARN_UNUSED_VARIABLE = YES;
				LOCALIZATION_PREFERS_STRING_CATALOGS = YES;
				MTL_ENABLE_DEBUG_INFO = NO;
				MTL_FAST_MATH = YES;
				SWIFT_COMPILATION_MODE = wholemodule;
			};
			name = Release;
		};
		AE1C668D2BE4BC6A0025C5E5 /* Debug */ = {
			isa = XCBuildConfiguration;
			buildSettings = {
				CODE_SIGN_IDENTITY = "Apple Development";
				CODE_SIGN_STYLE = Automatic;
				CURRENT_PROJECT_VERSION = 1;
				DEVELOPMENT_TEAM = 8B665X94V9;
				GENERATE_INFOPLIST_FILE = YES;
				INFOPLIST_FILE = "iOS (Extension)/Info.plist";
				INFOPLIST_KEY_CFBundleDisplayName = "blocker Extension";
				INFOPLIST_KEY_NSHumanReadableCopyright = "";
				IPHONEOS_DEPLOYMENT_TARGET = 15.0;
				LD_RUNPATH_SEARCH_PATHS = (
					"$(inherited)",
					"@executable_path/Frameworks",
					"@executable_path/../../Frameworks",
				);
				MARKETING_VERSION = 1.0;
				OTHER_LDFLAGS = (
					"-framework",
					SafariServices,
				);
				PRODUCT_BUNDLE_IDENTIFIER = com.cozymore.blocker.Extension;
				PRODUCT_NAME = "blocker Extension";
				PROVISIONING_PROFILE_SPECIFIER = "";
				SDKROOT = iphoneos;
				SKIP_INSTALL = YES;
				SWIFT_EMIT_LOC_STRINGS = YES;
				SWIFT_VERSION = 5.0;
				TARGETED_DEVICE_FAMILY = "1,2";
			};
			name = Debug;
		};
		AE1C668E2BE4BC6A0025C5E5 /* Release */ = {
			isa = XCBuildConfiguration;
			buildSettings = {
				CODE_SIGN_IDENTITY = "Apple Development";
				CODE_SIGN_STYLE = Automatic;
				CURRENT_PROJECT_VERSION = 1;
				DEVELOPMENT_TEAM = 8B665X94V9;
				GENERATE_INFOPLIST_FILE = YES;
				INFOPLIST_FILE = "iOS (Extension)/Info.plist";
				INFOPLIST_KEY_CFBundleDisplayName = "blocker Extension";
				INFOPLIST_KEY_NSHumanReadableCopyright = "";
				IPHONEOS_DEPLOYMENT_TARGET = 15.0;
				LD_RUNPATH_SEARCH_PATHS = (
					"$(inherited)",
					"@executable_path/Frameworks",
					"@executable_path/../../Frameworks",
				);
				MARKETING_VERSION = 1.0;
				OTHER_LDFLAGS = (
					"-framework",
					SafariServices,
				);
				PRODUCT_BUNDLE_IDENTIFIER = com.cozymore.blocker.Extension;
				PRODUCT_NAME = "blocker Extension";
				PROVISIONING_PROFILE_SPECIFIER = "";
				SDKROOT = iphoneos;
				SKIP_INSTALL = YES;
				SWIFT_EMIT_LOC_STRINGS = YES;
				SWIFT_VERSION = 5.0;
				TARGETED_DEVICE_FAMILY = "1,2";
				VALIDATE_PRODUCT = YES;
			};
			name = Release;
		};
		AE1C66912BE4BC6A0025C5E5 /* Debug */ = {
			isa = XCBuildConfiguration;
			buildSettings = {
				ALWAYS_EMBED_SWIFT_STANDARD_LIBRARIES = YES;
				ASSETCATALOG_COMPILER_APPICON_NAME = AppIcon;
				ASSETCATALOG_COMPILER_GLOBAL_ACCENT_COLOR_NAME = AccentColor;
				CODE_SIGN_IDENTITY = "Apple Development";
				CODE_SIGN_STYLE = Automatic;
				CURRENT_PROJECT_VERSION = 1;
				DEVELOPMENT_TEAM = 8B665X94V9;
				GENERATE_INFOPLIST_FILE = YES;
				INFOPLIST_FILE = "iOS (App)/Info.plist";
				INFOPLIST_KEY_CFBundleDisplayName = blocker;
				INFOPLIST_KEY_UIApplicationSupportsIndirectInputEvents = YES;
				INFOPLIST_KEY_UILaunchStoryboardName = LaunchScreen;
				INFOPLIST_KEY_UIMainStoryboardFile = Main;
				INFOPLIST_KEY_UISupportedInterfaceOrientations = "UIInterfaceOrientationPortrait UIInterfaceOrientationLandscapeLeft UIInterfaceOrientationLandscapeRight";
				INFOPLIST_KEY_UISupportedInterfaceOrientations_iPad = "UIInterfaceOrientationPortrait UIInterfaceOrientationPortraitUpsideDown UIInterfaceOrientationLandscapeLeft UIInterfaceOrientationLandscapeRight";
				IPHONEOS_DEPLOYMENT_TARGET = 15.0;
				LD_RUNPATH_SEARCH_PATHS = (
					"$(inherited)",
					"@executable_path/Frameworks",
				);
				MARKETING_VERSION = 1.0;
				OTHER_LDFLAGS = (
					"-framework",
					SafariServices,
					"-framework",
					WebKit,
				);
				PRODUCT_BUNDLE_IDENTIFIER = com.cozymore.blocker;
				PRODUCT_NAME = blocker;
				PROVISIONING_PROFILE_SPECIFIER = "";
				SDKROOT = iphoneos;
				SWIFT_EMIT_LOC_STRINGS = YES;
				SWIFT_VERSION = 5.0;
				TARGETED_DEVICE_FAMILY = "1,2";
			};
			name = Debug;
		};
		AE1C66922BE4BC6A0025C5E5 /* Release */ = {
			isa = XCBuildConfiguration;
			buildSettings = {
				ALWAYS_EMBED_SWIFT_STANDARD_LIBRARIES = YES;
				ASSETCATALOG_COMPILER_APPICON_NAME = AppIcon;
				ASSETCATALOG_COMPILER_GLOBAL_ACCENT_COLOR_NAME = AccentColor;
				CODE_SIGN_IDENTITY = "Apple Development";
				CODE_SIGN_STYLE = Automatic;
				CURRENT_PROJECT_VERSION = 1;
				DEVELOPMENT_TEAM = 8B665X94V9;
				GENERATE_INFOPLIST_FILE = YES;
				INFOPLIST_FILE = "iOS (App)/Info.plist";
				INFOPLIST_KEY_CFBundleDisplayName = blocker;
				INFOPLIST_KEY_UIApplicationSupportsIndirectInputEvents = YES;
				INFOPLIST_KEY_UILaunchStoryboardName = LaunchScreen;
				INFOPLIST_KEY_UIMainStoryboardFile = Main;
				INFOPLIST_KEY_UISupportedInterfaceOrientations = "UIInterfaceOrientationPortrait UIInterfaceOrientationLandscapeLeft UIInterfaceOrientationLandscapeRight";
				INFOPLIST_KEY_UISupportedInterfaceOrientations_iPad = "UIInterfaceOrientationPortrait UIInterfaceOrientationPortraitUpsideDown UIInterfaceOrientationLandscapeLeft UIInterfaceOrientationLandscapeRight";
				IPHONEOS_DEPLOYMENT_TARGET = 15.0;
				LD_RUNPATH_SEARCH_PATHS = (
					"$(inherited)",
					"@executable_path/Frameworks",
				);
				MARKETING_VERSION = 1.0;
				OTHER_LDFLAGS = (
					"-framework",
					SafariServices,
					"-framework",
					WebKit,
				);
				PRODUCT_BUNDLE_IDENTIFIER = com.cozymore.blocker;
				PRODUCT_NAME = blocker;
				PROVISIONING_PROFILE_SPECIFIER = "";
				SDKROOT = iphoneos;
				SWIFT_EMIT_LOC_STRINGS = YES;
				SWIFT_VERSION = 5.0;
				TARGETED_DEVICE_FAMILY = "1,2";
				VALIDATE_PRODUCT = YES;
			};
			name = Release;
		};
		AE1C66942BE4BC6A0025C5E5 /* Debug */ = {
			isa = XCBuildConfiguration;
			buildSettings = {
				CODE_SIGN_ENTITLEMENTS = "macOS (Extension)/blocker.entitlements";
				CODE_SIGN_IDENTITY = "Apple Development";
				"CODE_SIGN_IDENTITY[sdk=macosx*]" = "-";
				CODE_SIGN_STYLE = Automatic;
				CURRENT_PROJECT_VERSION = 1;
				DEAD_CODE_STRIPPING = YES;
				DEVELOPMENT_TEAM = 8B665X94V9;
				ENABLE_HARDENED_RUNTIME = YES;
				GENERATE_INFOPLIST_FILE = YES;
				INFOPLIST_FILE = "macOS (Extension)/Info.plist";
				INFOPLIST_KEY_CFBundleDisplayName = "blocker Extension";
				INFOPLIST_KEY_NSHumanReadableCopyright = "";
				LD_RUNPATH_SEARCH_PATHS = (
					"$(inherited)",
					"@executable_path/../Frameworks",
					"@executable_path/../../../../Frameworks",
				);
				MACOSX_DEPLOYMENT_TARGET = "$(RECOMMENDED_MACOSX_DEPLOYMENT_TARGET)";
				MARKETING_VERSION = 1.0;
				OTHER_LDFLAGS = (
					"-framework",
					SafariServices,
				);
				PRODUCT_BUNDLE_IDENTIFIER = com.cozymore.blocker.Extension;
				PRODUCT_NAME = "blocker Extension";
				PROVISIONING_PROFILE_SPECIFIER = "";
				SDKROOT = macosx;
				SKIP_INSTALL = YES;
				SWIFT_EMIT_LOC_STRINGS = YES;
				SWIFT_VERSION = 5.0;
			};
			name = Debug;
		};
		AE1C66952BE4BC6A0025C5E5 /* Release */ = {
			isa = XCBuildConfiguration;
			buildSettings = {
				CODE_SIGN_ENTITLEMENTS = "macOS (Extension)/blocker.entitlements";
				CODE_SIGN_IDENTITY = "Apple Development";
				"CODE_SIGN_IDENTITY[sdk=macosx*]" = "-";
				CODE_SIGN_STYLE = Automatic;
				CURRENT_PROJECT_VERSION = 1;
				DEAD_CODE_STRIPPING = YES;
				DEVELOPMENT_TEAM = 8B665X94V9;
				ENABLE_HARDENED_RUNTIME = YES;
				GENERATE_INFOPLIST_FILE = YES;
				INFOPLIST_FILE = "macOS (Extension)/Info.plist";
				INFOPLIST_KEY_CFBundleDisplayName = "blocker Extension";
				INFOPLIST_KEY_NSHumanReadableCopyright = "";
				LD_RUNPATH_SEARCH_PATHS = (
					"$(inherited)",
					"@executable_path/../Frameworks",
					"@executable_path/../../../../Frameworks",
				);
				MACOSX_DEPLOYMENT_TARGET = "$(RECOMMENDED_MACOSX_DEPLOYMENT_TARGET)";
				MARKETING_VERSION = 1.0;
				OTHER_LDFLAGS = (
					"-framework",
					SafariServices,
				);
				PRODUCT_BUNDLE_IDENTIFIER = com.cozymore.blocker.Extension;
				PRODUCT_NAME = "blocker Extension";
				PROVISIONING_PROFILE_SPECIFIER = "";
				SDKROOT = macosx;
				SKIP_INSTALL = YES;
				SWIFT_EMIT_LOC_STRINGS = YES;
				SWIFT_VERSION = 5.0;
			};
			name = Release;
		};
		AE1C66982BE4BC6A0025C5E5 /* Debug */ = {
			isa = XCBuildConfiguration;
			buildSettings = {
				ALWAYS_EMBED_SWIFT_STANDARD_LIBRARIES = YES;
				ASSETCATALOG_COMPILER_APPICON_NAME = AppIcon;
				ASSETCATALOG_COMPILER_GLOBAL_ACCENT_COLOR_NAME = AccentColor;
				CODE_SIGN_ENTITLEMENTS = "macOS (App)/blocker.entitlements";
				CODE_SIGN_IDENTITY = "Apple Development";
				"CODE_SIGN_IDENTITY[sdk=macosx*]" = "-";
				CODE_SIGN_STYLE = Automatic;
				CURRENT_PROJECT_VERSION = 1;
				DEAD_CODE_STRIPPING = YES;
				DEVELOPMENT_TEAM = 8B665X94V9;
				ENABLE_HARDENED_RUNTIME = YES;
				GENERATE_INFOPLIST_FILE = YES;
				INFOPLIST_KEY_CFBundleDisplayName = blocker;
				INFOPLIST_KEY_NSMainStoryboardFile = Main;
				INFOPLIST_KEY_NSPrincipalClass = NSApplication;
				LD_RUNPATH_SEARCH_PATHS = (
					"$(inherited)",
					"@executable_path/../Frameworks",
				);
				MACOSX_DEPLOYMENT_TARGET = "$(RECOMMENDED_MACOSX_DEPLOYMENT_TARGET)";
				MARKETING_VERSION = 1.0;
				OTHER_LDFLAGS = (
					"-framework",
					SafariServices,
					"-framework",
					WebKit,
				);
				PRODUCT_BUNDLE_IDENTIFIER = com.cozymore.blocker;
				PRODUCT_NAME = blocker;
				PROVISIONING_PROFILE_SPECIFIER = "";
				SDKROOT = macosx;
				SWIFT_EMIT_LOC_STRINGS = YES;
				SWIFT_VERSION = 5.0;
			};
			name = Debug;
		};
		AE1C66992BE4BC6A0025C5E5 /* Release */ = {
			isa = XCBuildConfiguration;
			buildSettings = {
				ALWAYS_EMBED_SWIFT_STANDARD_LIBRARIES = YES;
				ASSETCATALOG_COMPILER_APPICON_NAME = AppIcon;
				ASSETCATALOG_COMPILER_GLOBAL_ACCENT_COLOR_NAME = AccentColor;
				CODE_SIGN_ENTITLEMENTS = "macOS (App)/blocker.entitlements";
				CODE_SIGN_IDENTITY = "Apple Development";
				"CODE_SIGN_IDENTITY[sdk=macosx*]" = "-";
				CODE_SIGN_STYLE = Automatic;
				CURRENT_PROJECT_VERSION = 1;
				DEAD_CODE_STRIPPING = YES;
				DEVELOPMENT_TEAM = 8B665X94V9;
				ENABLE_HARDENED_RUNTIME = YES;
				GENERATE_INFOPLIST_FILE = YES;
				INFOPLIST_KEY_CFBundleDisplayName = blocker;
				INFOPLIST_KEY_NSMainStoryboardFile = Main;
				INFOPLIST_KEY_NSPrincipalClass = NSApplication;
				LD_RUNPATH_SEARCH_PATHS = (
					"$(inherited)",
					"@executable_path/../Frameworks",
				);
				MACOSX_DEPLOYMENT_TARGET = "$(RECOMMENDED_MACOSX_DEPLOYMENT_TARGET)";
				MARKETING_VERSION = 1.0;
				OTHER_LDFLAGS = (
					"-framework",
					SafariServices,
					"-framework",
					WebKit,
				);
				PRODUCT_BUNDLE_IDENTIFIER = com.cozymore.blocker;
				PRODUCT_NAME = blocker;
				PROVISIONING_PROFILE_SPECIFIER = "";
				SDKROOT = macosx;
				SWIFT_EMIT_LOC_STRINGS = YES;
				SWIFT_VERSION = 5.0;
			};
			name = Release;
		};
/* End XCBuildConfiguration section */

/* Begin XCConfigurationList section */
		AE1C66242BE4BC690025C5E5 /* Build configuration list for PBXProject "blocker" */ = {
			isa = XCConfigurationList;
			buildConfigurations = (
				AE1C668A2BE4BC6A0025C5E5 /* Debug */,
				AE1C668B2BE4BC6A0025C5E5 /* Release */,
			);
			defaultConfigurationIsVisible = 0;
			defaultConfigurationName = Release;
		};
		AE1C668C2BE4BC6A0025C5E5 /* Build configuration list for PBXNativeTarget "blocker Extension (iOS)" */ = {
			isa = XCConfigurationList;
			buildConfigurations = (
				AE1C668D2BE4BC6A0025C5E5 /* Debug */,
				AE1C668E2BE4BC6A0025C5E5 /* Release */,
			);
			defaultConfigurationIsVisible = 0;
			defaultConfigurationName = Release;
		};
		AE1C66902BE4BC6A0025C5E5 /* Build configuration list for PBXNativeTarget "blocker (iOS)" */ = {
			isa = XCConfigurationList;
			buildConfigurations = (
				AE1C66912BE4BC6A0025C5E5 /* Debug */,
				AE1C66922BE4BC6A0025C5E5 /* Release */,
			);
			defaultConfigurationIsVisible = 0;
			defaultConfigurationName = Release;
		};
		AE1C66932BE4BC6A0025C5E5 /* Build configuration list for PBXNativeTarget "blocker Extension (macOS)" */ = {
			isa = XCConfigurationList;
			buildConfigurations = (
				AE1C66942BE4BC6A0025C5E5 /* Debug */,
				AE1C66952BE4BC6A0025C5E5 /* Release */,
			);
			defaultConfigurationIsVisible = 0;
			defaultConfigurationName = Release;
		};
		AE1C66972BE4BC6A0025C5E5 /* Build configuration list for PBXNativeTarget "blocker (macOS)" */ = {
			isa = XCConfigurationList;
			buildConfigurations = (
				AE1C66982BE4BC6A0025C5E5 /* Debug */,
				AE1C66992BE4BC6A0025C5E5 /* Release */,
			);
			defaultConfigurationIsVisible = 0;
			defaultConfigurationName = Release;
		};
/* End XCConfigurationList section */
	};
	rootObject = AE1C66212BE4BC690025C5E5 /* Project object */;
}
